github.com/txthinking/runnergroup v0.0.0-20220212043759-8da8edb7dae8 h1:iYc+JnXtzv6sdMx9Q7OTKkDAn7FhDPDogcjeSfEQcLY=
github.com/txthinking/runnergroup v0.0.0-20220212043759-8da8edb7dae8/go.mod h1:CLUSJbazqETbaR+i0YAhXBICV9TrKH93pziccMhmhpM=
github.com/txthinking/runnergroup v0.0.0-20230211072751-d11f16258c86 h1:nIvfVa+OBTatLNAIHI83i3qUKbkuBfUcvbyBUKmH8HE=
github.com/txthinking/runnergroup v0.0.0-20230211072751-d11f16258c86/go.mod h1:cldYm15/XHcGt7ndItnEWHwFZo7dinU+2QoyjfErhsI=
github.com/txthinking/x v0.0.0-20220929041811-1b4d914e9133 h1:fUw8+3ruX0uv2gAko4D0v6IpLmSI2soOkGl6YYmiBrM=
github.com/txthinking/x v0.0.0-20220929041811-1b4d914e9133/go.mod h1:WgqbSEmUYSjEV3B1qmee/PpP2NYEz4bL9/+mF1ma+s4=
zgo.at/zcache v1.2.0 h1:++0dNWOrmUBa10WSja+eHx5bEO2PzZLRY6MJlBD47yk=
zgo.at/zcache v1.2.0/go.mod h1:xWQo2ha/bamTmx8CbfrZl9Nf8AoT5uNh2hWfbQi8TiE=
