github.com/Potterli20/golem v0.0.0-20260722131906-5add239b8af3 h1:ZTWuQDchOJUsbfK4/8XBviFItb9XTrsqCvSxXnVx2Ac=
github.com/Potterli20/golem v0.0.0-20260722131906-5add239b8af3/go.mod h1:hX00aevRgcv43mH67cDAek50sAMB5yLrdop8Ln0BZIk=
github.com/google/go-cmp v0.6.0 h1:ofyhxvXcZhMsU5ulbFiLKl/XBFqE1GSq7atu8tAmTRI=
github.com/google/go-cmp v0.6.0/go.mod h1:17dUlkBOakJ0+DkrSSNjCkIjxS6bF9zb3elmeNGIjoY=
github.com/miekg/dns v1.1.73-0.20260709071206-24ce5ef35470 h1:wuwG/RvVtadj3fBA/yq0oyc3o/YjNPBqZva+G2TqETs=
github.com/miekg/dns v1.1.73-0.20260709071206-24ce5ef35470/go.mod h1:PfzHdk8TaHFUb7/7M3LqWdmyLCyboMBECtLPEPrPykY=
github.com/txthinking/runnergroup v0.0.0-20250224021307-5864ffeb65ae h1:ArVM1jICfm7g4E4dBet+KHUFMLuxmj1Nxdp/tr3ByCU=
github.com/txthinking/runnergroup v0.0.0-20250224021307-5864ffeb65ae/go.mod h1:cldYm15/XHcGt7ndItnEWHwFZo7dinU+2QoyjfErhsI=
golang.org/x/mod v0.37.0 h1:vF1DjpVEshcIqoEaauuHebaLk1O1forxjxBaVn884JQ=
golang.org/x/mod v0.37.0/go.mod h1:m8S8VeM9r4dzDwjrKO0a1sZP3YjeMamRRlD+fmR2Q/0=
golang.org/x/net v0.57.0 h1:K5+3DljvIuDG9/Jv9rvyMywYNFCQ9RSUY6OOTTkT+tE=
golang.org/x/net v0.57.0/go.mod h1:KpXc8iv+r3XplLAG/f7Jsf9RPszJzdR0f58q9vGOuEU=
golang.org/x/sync v0.21.0 h1:HLII4xRRTtCRkxYp4HNFF0Js/Og6q2i++KXbg0gHCwM=
golang.org/x/sync v0.21.0/go.mod h1:9xrNwdLfx4jkKbNva9FpL6vEN7evnE43NNNJQ2LF3+0=
golang.org/x/sync v0.22.0 h1:SZjpbeLmrCk4xhRSZFNZW5gFUeCeFgjekvI/+gfScek=
golang.org/x/sync v0.22.0/go.mod h1:9xrNwdLfx4jkKbNva9FpL6vEN7evnE43NNNJQ2LF3+0=
golang.org/x/sys v0.47.0 h1:o7XGOvZQCADBQQ4Y7VNq2dRWQR7JmOUW8Kxx4ZsNgWs=
golang.org/x/sys v0.47.0/go.mod h1:4GL1E5IUh+htKOUEOaiffhrAeqysfVGipDYzABqnCmw=
golang.org/x/tools v0.47.0 h1:7Kn5x/d1svx/PzryTsqeoZN4TZwqeH5pGWjefhLi/1Q=
golang.org/x/tools v0.47.0/go.mod h1:dFHnyTvFWY212G+h7ZY4Vsp/K3U4/7W9TyVaAul8uCA=
